
Microsoft Visual Studio Solution File, Format Version 12.00
# Visual Studio Version 16
VisualStudioVersion = 16.0.30717.126
MinimumVisualStudioVersion = 15.0.26124.0
Project("{FAE04EC0-301F-11D3-BF4B-00C04F79EFBC}") = "ClassLib", "ClassLib\ClassLib.csproj", "{C9A8F5CB-D6CA-4AB6-91DA-1447EA19D8D3}"
EndProject
Project("{FAE04EC0-301F-11D3-BF4B-00C04F79EFBC}") = "StackTest", "StackTest\StackTest.csproj", "{22631AAC-984C-429B-B6B9-DFD661AFB736}"
EndProject
Project("{FAE04EC0-301F-11D3-BF4B-00C04F79EFBC}") = "PostFixTest", "PostFixTest\PostFixTest.csproj", "{BDB814F3-9A82-44F1-B1AB-D515FFACA106}"
EndProject
Global
	GlobalSection(SolutionConfigurationPlatforms) = preSolution
		Debug|Any CPU = Debug|Any CPU
		Debug|x64 = Debug|x64
		Debug|x86 = Debug|x86
		Release|Any CPU = Release|Any CPU
		Release|x64 = Release|x64
		Release|x86 = Release|x86
	EndGlobalSection
	GlobalSection(ProjectConfigurationPlatforms) = postSolution
		{C9A8F5CB-D6CA-4AB6-91DA-1447EA19D8D3}.Debug|Any CPU.ActiveCfg = Debug|Any CPU
		{C9A8F5CB-D6CA-4AB6-91DA-1447EA19D8D3}.Debug|Any CPU.Build.0 = Debug|Any CPU
		{C9A8F5CB-D6CA-4AB6-91DA-1447EA19D8D3}.Debug|x64.ActiveCfg = Debug|Any CPU
		{C9A8F5CB-D6CA-4AB6-91DA-1447EA19D8D3}.Debug|x64.Build.0 = Debug|Any CPU
		{C9A8F5CB-D6CA-4AB6-91DA-1447EA19D8D3}.Debug|x86.ActiveCfg = Debug|Any CPU
		{C9A8F5CB-D6CA-4AB6-91DA-1447EA19D8D3}.Debug|x86.Build.0 = Debug|Any CPU
		{C9A8F5CB-D6CA-4AB6-91DA-1447EA19D8D3}.Release|Any CPU.ActiveCfg = Release|Any CPU
		{C9A8F5CB-D6CA-4AB6-91DA-1447EA19D8D3}.Release|Any CPU.Build.0 = Release|Any CPU
		{C9A8F5CB-D6CA-4AB6-91DA-1447EA19D8D3}.Release|x64.ActiveCfg = Release|Any CPU
		{C9A8F5CB-D6CA-4AB6-91DA-1447EA19D8D3}.Release|x64.Build.0 = Release|Any CPU
		{C9A8F5CB-D6CA-4AB6-91DA-1447EA19D8D3}.Release|x86.ActiveCfg = Release|Any CPU
		{C9A8F5CB-D6CA-4AB6-91DA-1447EA19D8D3}.Release|x86.Build.0 = Release|Any CPU
		{22631AAC-984C-429B-B6B9-DFD661AFB736}.Debug|Any CPU.ActiveCfg = Debug|Any CPU
		{22631AAC-984C-429B-B6B9-DFD661AFB736}.Debug|Any CPU.Build.0 = Debug|Any CPU
		{22631AAC-984C-429B-B6B9-DFD661AFB736}.Debug|x64.ActiveCfg = Debug|Any CPU
		{22631AAC-984C-429B-B6B9-DFD661AFB736}.Debug|x64.Build.0 = Debug|Any CPU
		{22631AAC-984C-429B-B6B9-DFD661AFB736}.Debug|x86.ActiveCfg = Debug|Any CPU
		{22631AAC-984C-429B-B6B9-DFD661AFB736}.Debug|x86.Build.0 = Debug|Any CPU
		{22631AAC-984C-429B-B6B9-DFD661AFB736}.Release|Any CPU.ActiveCfg = Release|Any CPU
		{22631AAC-984C-429B-B6B9-DFD661AFB736}.Release|Any CPU.Build.0 = Release|Any CPU
		{22631AAC-984C-429B-B6B9-DFD661AFB736}.Release|x64.ActiveCfg = Release|Any CPU
		{22631AAC-984C-429B-B6B9-DFD661AFB736}.Release|x64.Build.0 = Release|Any CPU
		{22631AAC-984C-429B-B6B9-DFD661AFB736}.Release|x86.ActiveCfg = Release|Any CPU
		{22631AAC-984C-429B-B6B9-DFD661AFB736}.Release|x86.Build.0 = Release|Any CPU
		{BDB814F3-9A82-44F1-B1AB-D515FFACA106}.Debug|Any CPU.ActiveCfg = Debug|Any CPU
		{BDB814F3-9A82-44F1-B1AB-D515FFACA106}.Debug|Any CPU.Build.0 = Debug|Any CPU
		{BDB814F3-9A82-44F1-B1AB-D515FFACA106}.Debug|x64.ActiveCfg = Debug|Any CPU
		{BDB814F3-9A82-44F1-B1AB-D515FFACA106}.Debug|x64.Build.0 = Debug|Any CPU
		{BDB814F3-9A82-44F1-B1AB-D515FFACA106}.Debug|x86.ActiveCfg = Debug|Any CPU
		{BDB814F3-9A82-44F1-B1AB-D515FFACA106}.Debug|x86.Build.0 = Debug|Any CPU
		{BDB814F3-9A82-44F1-B1AB-D515FFACA106}.Release|Any CPU.ActiveCfg = Release|Any CPU
		{BDB814F3-9A82-44F1-B1AB-D515FFACA106}.Release|Any CPU.Build.0 = Release|Any CPU
		{BDB814F3-9A82-44F1-B1AB-D515FFACA106}.Release|x64.ActiveCfg = Release|Any CPU
		{BDB814F3-9A82-44F1-B1AB-D515FFACA106}.Release|x64.Build.0 = Release|Any CPU
		{BDB814F3-9A82-44F1-B1AB-D515FFACA106}.Release|x86.ActiveCfg = Release|Any CPU
		{BDB814F3-9A82-44F1-B1AB-D515FFACA106}.Release|x86.Build.0 = Release|Any CPU
	EndGlobalSection
	GlobalSection(SolutionProperties) = preSolution
		HideSolutionNode = FALSE
	EndGlobalSection
	GlobalSection(ExtensibilityGlobals) = postSolution
		SolutionGuid = {984AE2B6-D8EB-4450-9421-2D899BE6904F}
	EndGlobalSection
EndGlobal
